
Microsoft Visual Studio Solution File, Format Version 12.00
Project("{2150E333-8FDC-42A3-9474-1A3956D46DE8}") = "Day1-HistorianHysteria", "Day1-HistorianHysteria", "{DF1E5804-DA04-4A81-B696-1DB7FC82A221}"
EndProject
Project("{FAE04EC0-301F-11D3-BF4B-00C04F79EFBC}") = "Day1-HistorianHysteria", "Day1-HistorianHysteria\Day1-HistorianHysteria\Day1-HistorianHysteria.csproj", "{9499AA36-E566-4E47-9154-ECBDDD236572}"
EndProject
Project("{FAE04EC0-301F-11D3-BF4B-00C04F79EFBC}") = "Day1-HistorianHysteria.Tests", "Day1-HistorianHysteria\Day1-HistorianHysteria.Tests\Day1-HistorianHysteria.Tests.csproj", "{5CE34720-021B-4FBB-B51A-6551677F9814}"
EndProject
Project("{2150E333-8FDC-42A3-9474-1A3956D46DE8}") = "Day3-MullItOver", "Day3-MullItOver", "{C9087118-E177-4579-9E94-67317DAD3739}"
EndProject
Project("{2150E333-8FDC-42A3-9474-1A3956D46DE8}") = "Day4-CeresSearch", "Day4-CeresSearch", "{9C06905C-CB44-4162-81F6-F7DF82E6F784}"
EndProject
Project("{2150E333-8FDC-42A3-9474-1A3956D46DE8}") = "Day5-PrintQueue", "Day5-PrintQueue", "{B073D22D-47CE-4DBA-B630-D32748B2CC5A}"
EndProject
Project("{2150E333-8FDC-42A3-9474-1A3956D46DE8}") = "Day6-GuardGallivant", "Day6-GuardGallivant", "{410D4350-D4D8-45E1-9E5A-A209F3ED46C5}"
EndProject
Project("{2150E333-8FDC-42A3-9474-1A3956D46DE8}") = "Day7-BridgeRepair", "Day7-BridgeRepair", "{8A38EAFF-9D95-4309-A701-B9E67DAE2EE3}"
EndProject
Project("{2150E333-8FDC-42A3-9474-1A3956D46DE8}") = "Day8-ResonantCollinearity", "Day8-ResonantCollinearity", "{13511C6D-BC8F-4211-91A3-4A43EB7847D4}"
EndProject
Project("{2150E333-8FDC-42A3-9474-1A3956D46DE8}") = "Day9-DiskFragmenter", "Day9-DiskFragmenter", "{D24CC278-876A-44F4-9F85-C2F2C1EE22F7}"
EndProject
Project("{2150E333-8FDC-42A3-9474-1A3956D46DE8}") = "Day10-HoofIt", "Day10-HoofIt", "{E9E94B6E-9406-42E0-8935-F325C82E5F12}"
EndProject
Project("{FAE04EC0-301F-11D3-BF4B-00C04F79EFBC}") = "Day11-PlutonianPebbles", "Day11-PlutonianPebbles\Day11-PlutonianPebbles\Day11-PlutonianPebbles.csproj", "{4D8A549E-E96B-427D-85B3-C55E1948B741}"
EndProject
Project("{FAE04EC0-301F-11D3-BF4B-00C04F79EFBC}") = "Day11-PlutonianPebblesTests", "Day11-PlutonianPebbles\Day11-PlutonianPebblesTests\Day11-PlutonianPebblesTests.csproj", "{28A79004-7566-41FB-8E71-7DB4B9A356AF}"
EndProject
Project("{2150E333-8FDC-42A3-9474-1A3956D46DE8}") = "Day11-PlutonianPebbles", "Day11-PlutonianPebbles", "{88B05223-3649-404B-8806-8B3B96FF7AFE}"
EndProject
Project("{FAE04EC0-301F-11D3-BF4B-00C04F79EFBC}") = "Day12-GardenGroups", "Day12-GardenGroups\Day12-GardenGroups\Day12-GardenGroups.csproj", "{5727548A-A48A-452D-A006-16B41E285852}"
EndProject
Project("{2150E333-8FDC-42A3-9474-1A3956D46DE8}") = "Day12-GardenGroups", "Day12-GardenGroups", "{19DB965C-6359-4742-A3EE-44D40F60A78C}"
EndProject
Project("{FAE04EC0-301F-11D3-BF4B-00C04F79EFBC}") = "Day12-GardenGroups.Tests", "Day12-GardenGroups\Day12-GardenGroups.Tests\Day12-GardenGroups.Tests.csproj", "{49E423B7-746E-48B6-B3E7-80241695D9D1}"
EndProject
Project("{FAE04EC0-301F-11D3-BF4B-00C04F79EFBC}") = "Day2-RedNoseReports", "Day2-RedNoseReports\Day2-RedNoseReports\Day2-RedNoseReports.csproj", "{902722AE-90B2-4B57-9C25-FF17FF14F0D4}"
EndProject
Project("{2150E333-8FDC-42A3-9474-1A3956D46DE8}") = "Day2-RedNoseReports", "Day2-RedNoseReports", "{FBDB3160-38B1-4158-9B48-1760773C81BA}"
EndProject
Project("{FAE04EC0-301F-11D3-BF4B-00C04F79EFBC}") = "Day2-RedNoseReports.Tests", "Day2-RedNoseReports\Day2-RedNoseReports.Tests\Day2-RedNoseReports.Tests.csproj", "{4EEE97BB-AF3B-4CCA-82AA-BF7339D53FC3}"
EndProject
Project("{FAE04EC0-301F-11D3-BF4B-00C04F79EFBC}") = "Day3-MullItOver", "Day3-MullItOver\Day3-MullItOver\Day3-MullItOver.csproj", "{96468FF4-431A-4C10-A62C-462893EF7CA7}"
EndProject
Project("{FAE04EC0-301F-11D3-BF4B-00C04F79EFBC}") = "Day3-MullItOver.Tests", "Day3-MullItOver\Day3-MullItOver.Tests\Day3-MullItOver.Tests.csproj", "{ECAE70EA-BDFD-4100-92E7-A0F90D658799}"
EndProject
Project("{FAE04EC0-301F-11D3-BF4B-00C04F79EFBC}") = "Day4-CeresSearch", "Day4-CeresSearch\Day4-CeresSearch\Day4-CeresSearch.csproj", "{7184B677-21BF-4C7C-B20B-4CC04871A712}"
EndProject
Project("{FAE04EC0-301F-11D3-BF4B-00C04F79EFBC}") = "Day4-CeresSearch.Tests", "Day4-CeresSearch\Day4-CeresSearch.Tests\Day4-CeresSearch.Tests.csproj", "{6F2AAC8B-E48A-4F7C-9B2C-E50EFAF2DDF4}"
EndProject
Project("{FAE04EC0-301F-11D3-BF4B-00C04F79EFBC}") = "Day5-PrintQueue", "Day5-PrintQueue\Day5-PrintQueue\Day5-PrintQueue.csproj", "{FDEDB248-B52E-4EC5-B41F-5FAD7A21FBD6}"
EndProject
Project("{FAE04EC0-301F-11D3-BF4B-00C04F79EFBC}") = "Day5-PrintQueue.Tests", "Day5-PrintQueue\Day5-PrintQueue.Tests\Day5-PrintQueue.Tests.csproj", "{C80BBD79-86B7-4D1D-8D19-591A99E701C9}"
EndProject
Project("{FAE04EC0-301F-11D3-BF4B-00C04F79EFBC}") = "Day6-GuardGallivant", "Day6-GuardGallivant\Day6-GuardGallivant\Day6-GuardGallivant.csproj", "{A070B68E-A749-424D-B669-099AA0838B4A}"
EndProject
Project("{FAE04EC0-301F-11D3-BF4B-00C04F79EFBC}") = "Day6-GuardGallivant.Tests", "Day6-GuardGallivant\Day6-GuardGallivant.Tests\Day6-GuardGallivant.Tests.csproj", "{E602B576-11DD-40D4-9A2B-096C78FFEAC2}"
EndProject
Project("{FAE04EC0-301F-11D3-BF4B-00C04F79EFBC}") = "Day7-BridgeRepair", "Day7-BridgeRepair\Day7-BridgeRepair\Day7-BridgeRepair.csproj", "{E05C921B-1FB0-4B8F-8E43-6F812B6140AD}"
EndProject
Project("{FAE04EC0-301F-11D3-BF4B-00C04F79EFBC}") = "Day7-BridgeRepair.Tests", "Day7-BridgeRepair\Day7-BridgeRepair.Tests\Day7-BridgeRepair.Tests.csproj", "{FD6B631F-593F-4B21-A101-033334869669}"
EndProject
Project("{FAE04EC0-301F-11D3-BF4B-00C04F79EFBC}") = "Day8-ResonantCollinearity", "Day8-ResonantCollinearity\Day8-ResonantCollinearity\Day8-ResonantCollinearity.csproj", "{3DA1FFCC-592E-4478-B978-16E3B7FEA795}"
EndProject
Project("{FAE04EC0-301F-11D3-BF4B-00C04F79EFBC}") = "Day8-ResonantCollinearity.Tests", "Day8-ResonantCollinearity\Day8-ResonantCollinearity.Tests\Day8-ResonantCollinearity.Tests.csproj", "{552D5FD0-51A9-4A73-B085-EBB05B5A3712}"
EndProject
Project("{FAE04EC0-301F-11D3-BF4B-00C04F79EFBC}") = "Day9-DiskFragmenter", "Day9-DiskFragmenter\Day9-DiskFragmenter\Day9-DiskFragmenter.csproj", "{BF1D4A08-6787-4FB4-8B6B-8D59A2B3F3E3}"
EndProject
Project("{FAE04EC0-301F-11D3-BF4B-00C04F79EFBC}") = "Day9-DiskFragmenter.Tests", "Day9-DiskFragmenter\Day9-DiskFragmenter.Tests\Day9-DiskFragmenter.Tests.csproj", "{25D0CCA8-3498-4D92-856D-97B5D2082458}"
EndProject
Project("{FAE04EC0-301F-11D3-BF4B-00C04F79EFBC}") = "Day10-HoofIt", "Day10-HoofIt\Day10-HoofIt\Day10-HoofIt.csproj", "{16385C20-7453-4D23-BCD3-64E2F6D627EA}"
EndProject
Project("{FAE04EC0-301F-11D3-BF4B-00C04F79EFBC}") = "Day10-HoofIt.Tests", "Day10-HoofIt\Day10-HoofIt.Tests\Day10-HoofIt.Tests.csproj", "{A3863C2C-9F4E-4528-9425-180A6BCFAA40}"
EndProject
Project("{2150E333-8FDC-42A3-9474-1A3956D46DE8}") = "Day13-ClawContraption", "Day13-ClawContraption", "{230F3A8D-963F-4F87-95CF-5715930105EF}"
EndProject
Project("{FAE04EC0-301F-11D3-BF4B-00C04F79EFBC}") = "Day13-ClawContraption", "Day13-ClawContraption\Day13-ClawContraption\Day13-ClawContraption.csproj", "{A33CC1F4-6022-438C-A100-B4ECA718A3EA}"
EndProject
Project("{FAE04EC0-301F-11D3-BF4B-00C04F79EFBC}") = "Day13-ClawContraption.Tests", "Day13-ClawContraption\Day13-ClawContraption.Tests\Day13-ClawContraption.Tests.csproj", "{6FC536F2-2B63-4D05-B0F3-C9B12D9B49A8}"
EndProject
Project("{FAE04EC0-301F-11D3-BF4B-00C04F79EFBC}") = "Day14-RestroomRedoubt", "Day14-RestroomRedoubt\Day14-RestroomRedoubt\Day14-RestroomRedoubt.csproj", "{C6077B52-FC11-4CA3-A3DC-E7189F342CFA}"
EndProject
Project("{2150E333-8FDC-42A3-9474-1A3956D46DE8}") = "Day14-RestroomRedoubt", "Day14-RestroomRedoubt", "{698061F2-D5E8-4039-A199-BCC9798190E9}"
EndProject
Project("{FAE04EC0-301F-11D3-BF4B-00C04F79EFBC}") = "Day14-RestroomRedoubt.Tests", "Day14-RestroomRedoubt\Day14-RestroomRedoubt.Tests\Day14-RestroomRedoubt.Tests.csproj", "{6E38CEF2-C263-4B44-971A-820BD2F37FB2}"
EndProject
Project("{FAE04EC0-301F-11D3-BF4B-00C04F79EFBC}") = "Day15-WarehouseWoes", "Day15-WarehouseWoes\Day15-WarehouseWoes\Day15-WarehouseWoes.csproj", "{BAC7AA13-0047-4647-AA98-C651B75E3ED4}"
EndProject
Project("{2150E333-8FDC-42A3-9474-1A3956D46DE8}") = "Day15-WarehouseWoes", "Day15-WarehouseWoes", "{23397AE6-3356-43FF-87B1-8FDDF7DE98D8}"
EndProject
Project("{FAE04EC0-301F-11D3-BF4B-00C04F79EFBC}") = "Day16-ReindeerMaze", "Day16-ReindeerMaze\Day16-ReindeerMaze\Day16-ReindeerMaze.csproj", "{D0B1203F-A07A-45C5-8E69-3E6ECDF06356}"
EndProject
Project("{2150E333-8FDC-42A3-9474-1A3956D46DE8}") = "Day16-ReindeerMaze", "Day16-ReindeerMaze", "{7DD4E0EC-FF7E-4E2E-88B9-8A07DFD9CE42}"
EndProject
Project("{FAE04EC0-301F-11D3-BF4B-00C04F79EFBC}") = "Day16-ReindeerMaze.Tests", "Day16-ReindeerMaze\Day16-ReindeerMaze.Tests\Day16-ReindeerMaze.Tests.csproj", "{9A3FCF0E-C2C0-4D50-9003-135070ECB823}"
EndProject
Project("{FAE04EC0-301F-11D3-BF4B-00C04F79EFBC}") = "Day17-ChronospatialComputer", "Day17-ChronospatialComputer\Day17-ChronospatialComputer\Day17-ChronospatialComputer.csproj", "{64A0FF18-820A-4719-A3A3-CD897200821E}"
EndProject
Project("{2150E333-8FDC-42A3-9474-1A3956D46DE8}") = "Day17-ChronospatialComputer", "Day17-ChronospatialComputer", "{B36FD8D0-A26A-460F-9F73-3814DA486EAC}"
EndProject
Project("{FAE04EC0-301F-11D3-BF4B-00C04F79EFBC}") = "Day17-ChronospatialComputer.Tests", "Day17-ChronospatialComputer\Day17-ChronospatialComputer.Tests\Day17-ChronospatialComputer.Tests.csproj", "{9C35E128-700E-4AAA-A4ED-1A84E4025752}"
EndProject
Project("{2150E333-8FDC-42A3-9474-1A3956D46DE8}") = "Day18-RAMRun ", "Day18-RAMRun ", "{B200AB0A-9952-4D1C-9628-7936CE8740CC}"
EndProject
Project("{FAE04EC0-301F-11D3-BF4B-00C04F79EFBC}") = "Day18-RAMRun", "Day18-RAMRun\Day18-RAMRun\Day18-RAMRun.csproj", "{1BD750A2-3A5B-4F33-96F6-465DB2B8ABF2}"
EndProject
Project("{2150E333-8FDC-42A3-9474-1A3956D46DE8}") = "Day19-LinenLayout", "Day19-LinenLayout", "{CB4BBB38-A869-447E-8C5A-986884E95D09}"
EndProject
Project("{FAE04EC0-301F-11D3-BF4B-00C04F79EFBC}") = "Day19-LinenLayout", "Day19-LinenLayout\Day19-LinenLayout\Day19-LinenLayout.csproj", "{3B0D9FA7-7D14-477A-9646-CA545E699084}"
EndProject
Project("{FAE04EC0-301F-11D3-BF4B-00C04F79EFBC}") = "Day20-RaceCondition", "Day20-RaceCondition\Day20-RaceCondition\Day20-RaceCondition.csproj", "{42BE3470-9242-4724-9E24-381EE10457BF}"
EndProject
Project("{2150E333-8FDC-42A3-9474-1A3956D46DE8}") = "Day20-RaceCondition", "Day20-RaceCondition", "{5C987FA3-0FDA-46A2-B834-196CB1332D08}"
EndProject
Project("{FAE04EC0-301F-11D3-BF4B-00C04F79EFBC}") = "Day20-RaceCondition.Tests", "Day20-RaceCondition\Day20-RaceCondition.Tests\Day20-RaceCondition.Tests.csproj", "{5F392CCE-AE83-4C30-A96D-2B6AC1C062ED}"
EndProject
Project("{FAE04EC0-301F-11D3-BF4B-00C04F79EFBC}") = "Day21-KeypadConundrum", "Day21-KeypadConundrum\Day21-KeypadConundrum\Day21-KeypadConundrum.csproj", "{65252C6E-4490-462A-963D-55ABFA9EE185}"
EndProject
Project("{2150E333-8FDC-42A3-9474-1A3956D46DE8}") = "Day21-KeypadConundrum", "Day21-KeypadConundrum", "{C66F0D04-59D8-422B-9ECC-69225A497978}"
EndProject
Project("{FAE04EC0-301F-11D3-BF4B-00C04F79EFBC}") = "Day21-KeypadConundrum.Tests", "Day21-KeypadConundrum\Day21-KeypadConundrum.Tests\Day21-KeypadConundrum.Tests.csproj", "{DE4A62D9-F9CC-42CF-9CB8-E11D23C1652A}"
EndProject
Project("{2150E333-8FDC-42A3-9474-1A3956D46DE8}") = "Day22-MonkeyMarket", "Day22-MonkeyMarket", "{C29AB690-8088-4618-A5C5-F339E9C01275}"
EndProject
Project("{FAE04EC0-301F-11D3-BF4B-00C04F79EFBC}") = "Day22-MonkeyMarket", "Day22-MonkeyMarket\Day22-MonkeyMarket\Day22-MonkeyMarket.csproj", "{78654759-D0D2-48BD-A0DA-2F7584683827}"
EndProject
Project("{FAE04EC0-301F-11D3-BF4B-00C04F79EFBC}") = "Day22-MonkeyMarket.Tests", "Day22-MonkeyMarket\Day22-MonkeyMarket.Tests\Day22-MonkeyMarket.Tests.csproj", "{1653EB96-3F70-4128-BE87-E097B156ECA7}"
EndProject
Project("{2150E333-8FDC-42A3-9474-1A3956D46DE8}") = "Day23-LANParty", "Day23-LANParty", "{107D02A7-2EBD-42B1-8A83-405A14837DD0}"
EndProject
Project("{FAE04EC0-301F-11D3-BF4B-00C04F79EFBC}") = "Day23-LANParty", "Day23-LANParty\Day23-LANParty\Day23-LANParty.csproj", "{E1D1E051-CFEF-47A9-AE6E-A2531ACFF7B7}"
EndProject
Global
	GlobalSection(SolutionConfigurationPlatforms) = preSolution
		Debug|Any CPU = Debug|Any CPU
		Release|Any CPU = Release|Any CPU
	EndGlobalSection
	GlobalSection(ProjectConfigurationPlatforms) = postSolution
		{9499AA36-E566-4E47-9154-ECBDDD236572}.Debug|Any CPU.ActiveCfg = Debug|Any CPU
		{9499AA36-E566-4E47-9154-ECBDDD236572}.Debug|Any CPU.Build.0 = Debug|Any CPU
		{9499AA36-E566-4E47-9154-ECBDDD236572}.Release|Any CPU.ActiveCfg = Release|Any CPU
		{9499AA36-E566-4E47-9154-ECBDDD236572}.Release|Any CPU.Build.0 = Release|Any CPU
		{5CE34720-021B-4FBB-B51A-6551677F9814}.Debug|Any CPU.ActiveCfg = Debug|Any CPU
		{5CE34720-021B-4FBB-B51A-6551677F9814}.Debug|Any CPU.Build.0 = Debug|Any CPU
		{5CE34720-021B-4FBB-B51A-6551677F9814}.Release|Any CPU.ActiveCfg = Release|Any CPU
		{5CE34720-021B-4FBB-B51A-6551677F9814}.Release|Any CPU.Build.0 = Release|Any CPU
		{4D8A549E-E96B-427D-85B3-C55E1948B741}.Debug|Any CPU.ActiveCfg = Debug|Any CPU
		{4D8A549E-E96B-427D-85B3-C55E1948B741}.Debug|Any CPU.Build.0 = Debug|Any CPU
		{4D8A549E-E96B-427D-85B3-C55E1948B741}.Release|Any CPU.ActiveCfg = Release|Any CPU
		{4D8A549E-E96B-427D-85B3-C55E1948B741}.Release|Any CPU.Build.0 = Release|Any CPU
		{28A79004-7566-41FB-8E71-7DB4B9A356AF}.Debug|Any CPU.ActiveCfg = Debug|Any CPU
		{28A79004-7566-41FB-8E71-7DB4B9A356AF}.Debug|Any CPU.Build.0 = Debug|Any CPU
		{28A79004-7566-41FB-8E71-7DB4B9A356AF}.Release|Any CPU.ActiveCfg = Release|Any CPU
		{28A79004-7566-41FB-8E71-7DB4B9A356AF}.Release|Any CPU.Build.0 = Release|Any CPU
		{5727548A-A48A-452D-A006-16B41E285852}.Debug|Any CPU.ActiveCfg = Debug|Any CPU
		{5727548A-A48A-452D-A006-16B41E285852}.Debug|Any CPU.Build.0 = Debug|Any CPU
		{5727548A-A48A-452D-A006-16B41E285852}.Release|Any CPU.ActiveCfg = Release|Any CPU
		{5727548A-A48A-452D-A006-16B41E285852}.Release|Any CPU.Build.0 = Release|Any CPU
		{49E423B7-746E-48B6-B3E7-80241695D9D1}.Debug|Any CPU.ActiveCfg = Debug|Any CPU
		{49E423B7-746E-48B6-B3E7-80241695D9D1}.Debug|Any CPU.Build.0 = Debug|Any CPU
		{49E423B7-746E-48B6-B3E7-80241695D9D1}.Release|Any CPU.ActiveCfg = Release|Any CPU
		{49E423B7-746E-48B6-B3E7-80241695D9D1}.Release|Any CPU.Build.0 = Release|Any CPU
		{902722AE-90B2-4B57-9C25-FF17FF14F0D4}.Debug|Any CPU.ActiveCfg = Debug|Any CPU
		{902722AE-90B2-4B57-9C25-FF17FF14F0D4}.Debug|Any CPU.Build.0 = Debug|Any CPU
		{902722AE-90B2-4B57-9C25-FF17FF14F0D4}.Release|Any CPU.ActiveCfg = Release|Any CPU
		{902722AE-90B2-4B57-9C25-FF17FF14F0D4}.Release|Any CPU.Build.0 = Release|Any CPU
		{4EEE97BB-AF3B-4CCA-82AA-BF7339D53FC3}.Debug|Any CPU.ActiveCfg = Debug|Any CPU
		{4EEE97BB-AF3B-4CCA-82AA-BF7339D53FC3}.Debug|Any CPU.Build.0 = Debug|Any CPU
		{4EEE97BB-AF3B-4CCA-82AA-BF7339D53FC3}.Release|Any CPU.ActiveCfg = Release|Any CPU
		{4EEE97BB-AF3B-4CCA-82AA-BF7339D53FC3}.Release|Any CPU.Build.0 = Release|Any CPU
		{96468FF4-431A-4C10-A62C-462893EF7CA7}.Debug|Any CPU.ActiveCfg = Debug|Any CPU
		{96468FF4-431A-4C10-A62C-462893EF7CA7}.Debug|Any CPU.Build.0 = Debug|Any CPU
		{96468FF4-431A-4C10-A62C-462893EF7CA7}.Release|Any CPU.ActiveCfg = Release|Any CPU
		{96468FF4-431A-4C10-A62C-462893EF7CA7}.Release|Any CPU.Build.0 = Release|Any CPU
		{ECAE70EA-BDFD-4100-92E7-A0F90D658799}.Debug|Any CPU.ActiveCfg = Debug|Any CPU
		{ECAE70EA-BDFD-4100-92E7-A0F90D658799}.Debug|Any CPU.Build.0 = Debug|Any CPU
		{ECAE70EA-BDFD-4100-92E7-A0F90D658799}.Release|Any CPU.ActiveCfg = Release|Any CPU
		{ECAE70EA-BDFD-4100-92E7-A0F90D658799}.Release|Any CPU.Build.0 = Release|Any CPU
		{7184B677-21BF-4C7C-B20B-4CC04871A712}.Debug|Any CPU.ActiveCfg = Debug|Any CPU
		{7184B677-21BF-4C7C-B20B-4CC04871A712}.Debug|Any CPU.Build.0 = Debug|Any CPU
		{7184B677-21BF-4C7C-B20B-4CC04871A712}.Release|Any CPU.ActiveCfg = Release|Any CPU
		{7184B677-21BF-4C7C-B20B-4CC04871A712}.Release|Any CPU.Build.0 = Release|Any CPU
		{6F2AAC8B-E48A-4F7C-9B2C-E50EFAF2DDF4}.Debug|Any CPU.ActiveCfg = Debug|Any CPU
		{6F2AAC8B-E48A-4F7C-9B2C-E50EFAF2DDF4}.Debug|Any CPU.Build.0 = Debug|Any CPU
		{6F2AAC8B-E48A-4F7C-9B2C-E50EFAF2DDF4}.Release|Any CPU.ActiveCfg = Release|Any CPU
		{6F2AAC8B-E48A-4F7C-9B2C-E50EFAF2DDF4}.Release|Any CPU.Build.0 = Release|Any CPU
		{FDEDB248-B52E-4EC5-B41F-5FAD7A21FBD6}.Debug|Any CPU.ActiveCfg = Debug|Any CPU
		{FDEDB248-B52E-4EC5-B41F-5FAD7A21FBD6}.Debug|Any CPU.Build.0 = Debug|Any CPU
		{FDEDB248-B52E-4EC5-B41F-5FAD7A21FBD6}.Release|Any CPU.ActiveCfg = Release|Any CPU
		{FDEDB248-B52E-4EC5-B41F-5FAD7A21FBD6}.Release|Any CPU.Build.0 = Release|Any CPU
		{C80BBD79-86B7-4D1D-8D19-591A99E701C9}.Debug|Any CPU.ActiveCfg = Debug|Any CPU
		{C80BBD79-86B7-4D1D-8D19-591A99E701C9}.Debug|Any CPU.Build.0 = Debug|Any CPU
		{C80BBD79-86B7-4D1D-8D19-591A99E701C9}.Release|Any CPU.ActiveCfg = Release|Any CPU
		{C80BBD79-86B7-4D1D-8D19-591A99E701C9}.Release|Any CPU.Build.0 = Release|Any CPU
		{A070B68E-A749-424D-B669-099AA0838B4A}.Debug|Any CPU.ActiveCfg = Debug|Any CPU
		{A070B68E-A749-424D-B669-099AA0838B4A}.Debug|Any CPU.Build.0 = Debug|Any CPU
		{A070B68E-A749-424D-B669-099AA0838B4A}.Release|Any CPU.ActiveCfg = Release|Any CPU
		{A070B68E-A749-424D-B669-099AA0838B4A}.Release|Any CPU.Build.0 = Release|Any CPU
		{E602B576-11DD-40D4-9A2B-096C78FFEAC2}.Debug|Any CPU.ActiveCfg = Debug|Any CPU
		{E602B576-11DD-40D4-9A2B-096C78FFEAC2}.Debug|Any CPU.Build.0 = Debug|Any CPU
		{E602B576-11DD-40D4-9A2B-096C78FFEAC2}.Release|Any CPU.ActiveCfg = Release|Any CPU
		{E602B576-11DD-40D4-9A2B-096C78FFEAC2}.Release|Any CPU.Build.0 = Release|Any CPU
		{E05C921B-1FB0-4B8F-8E43-6F812B6140AD}.Debug|Any CPU.ActiveCfg = Debug|Any CPU
		{E05C921B-1FB0-4B8F-8E43-6F812B6140AD}.Debug|Any CPU.Build.0 = Debug|Any CPU
		{E05C921B-1FB0-4B8F-8E43-6F812B6140AD}.Release|Any CPU.ActiveCfg = Release|Any CPU
		{E05C921B-1FB0-4B8F-8E43-6F812B6140AD}.Release|Any CPU.Build.0 = Release|Any CPU
		{FD6B631F-593F-4B21-A101-033334869669}.Debug|Any CPU.ActiveCfg = Debug|Any CPU
		{FD6B631F-593F-4B21-A101-033334869669}.Debug|Any CPU.Build.0 = Debug|Any CPU
		{FD6B631F-593F-4B21-A101-033334869669}.Release|Any CPU.ActiveCfg = Release|Any CPU
		{FD6B631F-593F-4B21-A101-033334869669}.Release|Any CPU.Build.0 = Release|Any CPU
		{3DA1FFCC-592E-4478-B978-16E3B7FEA795}.Debug|Any CPU.ActiveCfg = Debug|Any CPU
		{3DA1FFCC-592E-4478-B978-16E3B7FEA795}.Debug|Any CPU.Build.0 = Debug|Any CPU
		{3DA1FFCC-592E-4478-B978-16E3B7FEA795}.Release|Any CPU.ActiveCfg = Release|Any CPU
		{3DA1FFCC-592E-4478-B978-16E3B7FEA795}.Release|Any CPU.Build.0 = Release|Any CPU
		{552D5FD0-51A9-4A73-B085-EBB05B5A3712}.Debug|Any CPU.ActiveCfg = Debug|Any CPU
		{552D5FD0-51A9-4A73-B085-EBB05B5A3712}.Debug|Any CPU.Build.0 = Debug|Any CPU
		{552D5FD0-51A9-4A73-B085-EBB05B5A3712}.Release|Any CPU.ActiveCfg = Release|Any CPU
		{552D5FD0-51A9-4A73-B085-EBB05B5A3712}.Release|Any CPU.Build.0 = Release|Any CPU
		{BF1D4A08-6787-4FB4-8B6B-8D59A2B3F3E3}.Debug|Any CPU.ActiveCfg = Debug|Any CPU
		{BF1D4A08-6787-4FB4-8B6B-8D59A2B3F3E3}.Debug|Any CPU.Build.0 = Debug|Any CPU
		{BF1D4A08-6787-4FB4-8B6B-8D59A2B3F3E3}.Release|Any CPU.ActiveCfg = Release|Any CPU
		{BF1D4A08-6787-4FB4-8B6B-8D59A2B3F3E3}.Release|Any CPU.Build.0 = Release|Any CPU
		{25D0CCA8-3498-4D92-856D-97B5D2082458}.Debug|Any CPU.ActiveCfg = Debug|Any CPU
		{25D0CCA8-3498-4D92-856D-97B5D2082458}.Debug|Any CPU.Build.0 = Debug|Any CPU
		{25D0CCA8-3498-4D92-856D-97B5D2082458}.Release|Any CPU.ActiveCfg = Release|Any CPU
		{25D0CCA8-3498-4D92-856D-97B5D2082458}.Release|Any CPU.Build.0 = Release|Any CPU
		{16385C20-7453-4D23-BCD3-64E2F6D627EA}.Debug|Any CPU.ActiveCfg = Debug|Any CPU
		{16385C20-7453-4D23-BCD3-64E2F6D627EA}.Debug|Any CPU.Build.0 = Debug|Any CPU
		{16385C20-7453-4D23-BCD3-64E2F6D627EA}.Release|Any CPU.ActiveCfg = Release|Any CPU
		{16385C20-7453-4D23-BCD3-64E2F6D627EA}.Release|Any CPU.Build.0 = Release|Any CPU
		{A3863C2C-9F4E-4528-9425-180A6BCFAA40}.Debug|Any CPU.ActiveCfg = Debug|Any CPU
		{A3863C2C-9F4E-4528-9425-180A6BCFAA40}.Debug|Any CPU.Build.0 = Debug|Any CPU
		{A3863C2C-9F4E-4528-9425-180A6BCFAA40}.Release|Any CPU.ActiveCfg = Release|Any CPU
		{A3863C2C-9F4E-4528-9425-180A6BCFAA40}.Release|Any CPU.Build.0 = Release|Any CPU
		{A33CC1F4-6022-438C-A100-B4ECA718A3EA}.Debug|Any CPU.ActiveCfg = Debug|Any CPU
		{A33CC1F4-6022-438C-A100-B4ECA718A3EA}.Debug|Any CPU.Build.0 = Debug|Any CPU
		{A33CC1F4-6022-438C-A100-B4ECA718A3EA}.Release|Any CPU.ActiveCfg = Release|Any CPU
		{A33CC1F4-6022-438C-A100-B4ECA718A3EA}.Release|Any CPU.Build.0 = Release|Any CPU
		{6FC536F2-2B63-4D05-B0F3-C9B12D9B49A8}.Debug|Any CPU.ActiveCfg = Debug|Any CPU
		{6FC536F2-2B63-4D05-B0F3-C9B12D9B49A8}.Debug|Any CPU.Build.0 = Debug|Any CPU
		{6FC536F2-2B63-4D05-B0F3-C9B12D9B49A8}.Release|Any CPU.ActiveCfg = Release|Any CPU
		{6FC536F2-2B63-4D05-B0F3-C9B12D9B49A8}.Release|Any CPU.Build.0 = Release|Any CPU
		{C6077B52-FC11-4CA3-A3DC-E7189F342CFA}.Debug|Any CPU.ActiveCfg = Debug|Any CPU
		{C6077B52-FC11-4CA3-A3DC-E7189F342CFA}.Debug|Any CPU.Build.0 = Debug|Any CPU
		{C6077B52-FC11-4CA3-A3DC-E7189F342CFA}.Release|Any CPU.ActiveCfg = Release|Any CPU
		{C6077B52-FC11-4CA3-A3DC-E7189F342CFA}.Release|Any CPU.Build.0 = Release|Any CPU
		{6E38CEF2-C263-4B44-971A-820BD2F37FB2}.Debug|Any CPU.ActiveCfg = Debug|Any CPU
		{6E38CEF2-C263-4B44-971A-820BD2F37FB2}.Debug|Any CPU.Build.0 = Debug|Any CPU
		{6E38CEF2-C263-4B44-971A-820BD2F37FB2}.Release|Any CPU.ActiveCfg = Release|Any CPU
		{6E38CEF2-C263-4B44-971A-820BD2F37FB2}.Release|Any CPU.Build.0 = Release|Any CPU
		{BAC7AA13-0047-4647-AA98-C651B75E3ED4}.Debug|Any CPU.ActiveCfg = Debug|Any CPU
		{BAC7AA13-0047-4647-AA98-C651B75E3ED4}.Debug|Any CPU.Build.0 = Debug|Any CPU
		{BAC7AA13-0047-4647-AA98-C651B75E3ED4}.Release|Any CPU.ActiveCfg = Release|Any CPU
		{BAC7AA13-0047-4647-AA98-C651B75E3ED4}.Release|Any CPU.Build.0 = Release|Any CPU
		{D0B1203F-A07A-45C5-8E69-3E6ECDF06356}.Debug|Any CPU.ActiveCfg = Debug|Any CPU
		{D0B1203F-A07A-45C5-8E69-3E6ECDF06356}.Debug|Any CPU.Build.0 = Debug|Any CPU
		{D0B1203F-A07A-45C5-8E69-3E6ECDF06356}.Release|Any CPU.ActiveCfg = Release|Any CPU
		{D0B1203F-A07A-45C5-8E69-3E6ECDF06356}.Release|Any CPU.Build.0 = Release|Any CPU
		{9A3FCF0E-C2C0-4D50-9003-135070ECB823}.Debug|Any CPU.ActiveCfg = Debug|Any CPU
		{9A3FCF0E-C2C0-4D50-9003-135070ECB823}.Debug|Any CPU.Build.0 = Debug|Any CPU
		{9A3FCF0E-C2C0-4D50-9003-135070ECB823}.Release|Any CPU.ActiveCfg = Release|Any CPU
		{9A3FCF0E-C2C0-4D50-9003-135070ECB823}.Release|Any CPU.Build.0 = Release|Any CPU
		{64A0FF18-820A-4719-A3A3-CD897200821E}.Debug|Any CPU.ActiveCfg = Debug|Any CPU
		{64A0FF18-820A-4719-A3A3-CD897200821E}.Debug|Any CPU.Build.0 = Debug|Any CPU
		{64A0FF18-820A-4719-A3A3-CD897200821E}.Release|Any CPU.ActiveCfg = Release|Any CPU
		{64A0FF18-820A-4719-A3A3-CD897200821E}.Release|Any CPU.Build.0 = Release|Any CPU
		{9C35E128-700E-4AAA-A4ED-1A84E4025752}.Debug|Any CPU.ActiveCfg = Debug|Any CPU
		{9C35E128-700E-4AAA-A4ED-1A84E4025752}.Debug|Any CPU.Build.0 = Debug|Any CPU
		{9C35E128-700E-4AAA-A4ED-1A84E4025752}.Release|Any CPU.ActiveCfg = Release|Any CPU
		{9C35E128-700E-4AAA-A4ED-1A84E4025752}.Release|Any CPU.Build.0 = Release|Any CPU
		{1BD750A2-3A5B-4F33-96F6-465DB2B8ABF2}.Debug|Any CPU.ActiveCfg = Debug|Any CPU
		{1BD750A2-3A5B-4F33-96F6-465DB2B8ABF2}.Debug|Any CPU.Build.0 = Debug|Any CPU
		{1BD750A2-3A5B-4F33-96F6-465DB2B8ABF2}.Release|Any CPU.ActiveCfg = Release|Any CPU
		{1BD750A2-3A5B-4F33-96F6-465DB2B8ABF2}.Release|Any CPU.Build.0 = Release|Any CPU
		{3B0D9FA7-7D14-477A-9646-CA545E699084}.Debug|Any CPU.ActiveCfg = Debug|Any CPU
		{3B0D9FA7-7D14-477A-9646-CA545E699084}.Debug|Any CPU.Build.0 = Debug|Any CPU
		{3B0D9FA7-7D14-477A-9646-CA545E699084}.Release|Any CPU.ActiveCfg = Release|Any CPU
		{3B0D9FA7-7D14-477A-9646-CA545E699084}.Release|Any CPU.Build.0 = Release|Any CPU
		{42BE3470-9242-4724-9E24-381EE10457BF}.Debug|Any CPU.ActiveCfg = Debug|Any CPU
		{42BE3470-9242-4724-9E24-381EE10457BF}.Debug|Any CPU.Build.0 = Debug|Any CPU
		{42BE3470-9242-4724-9E24-381EE10457BF}.Release|Any CPU.ActiveCfg = Release|Any CPU
		{42BE3470-9242-4724-9E24-381EE10457BF}.Release|Any CPU.Build.0 = Release|Any CPU
		{5F392CCE-AE83-4C30-A96D-2B6AC1C062ED}.Debug|Any CPU.ActiveCfg = Debug|Any CPU
		{5F392CCE-AE83-4C30-A96D-2B6AC1C062ED}.Debug|Any CPU.Build.0 = Debug|Any CPU
		{5F392CCE-AE83-4C30-A96D-2B6AC1C062ED}.Release|Any CPU.ActiveCfg = Release|Any CPU
		{5F392CCE-AE83-4C30-A96D-2B6AC1C062ED}.Release|Any CPU.Build.0 = Release|Any CPU
		{65252C6E-4490-462A-963D-55ABFA9EE185}.Debug|Any CPU.ActiveCfg = Debug|Any CPU
		{65252C6E-4490-462A-963D-55ABFA9EE185}.Debug|Any CPU.Build.0 = Debug|Any CPU
		{65252C6E-4490-462A-963D-55ABFA9EE185}.Release|Any CPU.ActiveCfg = Release|Any CPU
		{65252C6E-4490-462A-963D-55ABFA9EE185}.Release|Any CPU.Build.0 = Release|Any CPU
		{DE4A62D9-F9CC-42CF-9CB8-E11D23C1652A}.Debug|Any CPU.ActiveCfg = Debug|Any CPU
		{DE4A62D9-F9CC-42CF-9CB8-E11D23C1652A}.Debug|Any CPU.Build.0 = Debug|Any CPU
		{DE4A62D9-F9CC-42CF-9CB8-E11D23C1652A}.Release|Any CPU.ActiveCfg = Release|Any CPU
		{DE4A62D9-F9CC-42CF-9CB8-E11D23C1652A}.Release|Any CPU.Build.0 = Release|Any CPU
		{78654759-D0D2-48BD-A0DA-2F7584683827}.Debug|Any CPU.ActiveCfg = Debug|Any CPU
		{78654759-D0D2-48BD-A0DA-2F7584683827}.Debug|Any CPU.Build.0 = Debug|Any CPU
		{78654759-D0D2-48BD-A0DA-2F7584683827}.Release|Any CPU.ActiveCfg = Release|Any CPU
		{78654759-D0D2-48BD-A0DA-2F7584683827}.Release|Any CPU.Build.0 = Release|Any CPU
		{1653EB96-3F70-4128-BE87-E097B156ECA7}.Debug|Any CPU.ActiveCfg = Debug|Any CPU
		{1653EB96-3F70-4128-BE87-E097B156ECA7}.Debug|Any CPU.Build.0 = Debug|Any CPU
		{1653EB96-3F70-4128-BE87-E097B156ECA7}.Release|Any CPU.ActiveCfg = Release|Any CPU
		{1653EB96-3F70-4128-BE87-E097B156ECA7}.Release|Any CPU.Build.0 = Release|Any CPU
		{E1D1E051-CFEF-47A9-AE6E-A2531ACFF7B7}.Debug|Any CPU.ActiveCfg = Debug|Any CPU
		{E1D1E051-CFEF-47A9-AE6E-A2531ACFF7B7}.Debug|Any CPU.Build.0 = Debug|Any CPU
		{E1D1E051-CFEF-47A9-AE6E-A2531ACFF7B7}.Release|Any CPU.ActiveCfg = Release|Any CPU
		{E1D1E051-CFEF-47A9-AE6E-A2531ACFF7B7}.Release|Any CPU.Build.0 = Release|Any CPU
	EndGlobalSection
	GlobalSection(NestedProjects) = preSolution
		{9499AA36-E566-4E47-9154-ECBDDD236572} = {DF1E5804-DA04-4A81-B696-1DB7FC82A221}
		{5CE34720-021B-4FBB-B51A-6551677F9814} = {DF1E5804-DA04-4A81-B696-1DB7FC82A221}
		{4D8A549E-E96B-427D-85B3-C55E1948B741} = {88B05223-3649-404B-8806-8B3B96FF7AFE}
		{28A79004-7566-41FB-8E71-7DB4B9A356AF} = {88B05223-3649-404B-8806-8B3B96FF7AFE}
		{5727548A-A48A-452D-A006-16B41E285852} = {19DB965C-6359-4742-A3EE-44D40F60A78C}
		{49E423B7-746E-48B6-B3E7-80241695D9D1} = {19DB965C-6359-4742-A3EE-44D40F60A78C}
		{902722AE-90B2-4B57-9C25-FF17FF14F0D4} = {FBDB3160-38B1-4158-9B48-1760773C81BA}
		{4EEE97BB-AF3B-4CCA-82AA-BF7339D53FC3} = {FBDB3160-38B1-4158-9B48-1760773C81BA}
		{96468FF4-431A-4C10-A62C-462893EF7CA7} = {C9087118-E177-4579-9E94-67317DAD3739}
		{ECAE70EA-BDFD-4100-92E7-A0F90D658799} = {C9087118-E177-4579-9E94-67317DAD3739}
		{7184B677-21BF-4C7C-B20B-4CC04871A712} = {9C06905C-CB44-4162-81F6-F7DF82E6F784}
		{6F2AAC8B-E48A-4F7C-9B2C-E50EFAF2DDF4} = {9C06905C-CB44-4162-81F6-F7DF82E6F784}
		{FDEDB248-B52E-4EC5-B41F-5FAD7A21FBD6} = {B073D22D-47CE-4DBA-B630-D32748B2CC5A}
		{C80BBD79-86B7-4D1D-8D19-591A99E701C9} = {B073D22D-47CE-4DBA-B630-D32748B2CC5A}
		{A070B68E-A749-424D-B669-099AA0838B4A} = {410D4350-D4D8-45E1-9E5A-A209F3ED46C5}
		{E602B576-11DD-40D4-9A2B-096C78FFEAC2} = {410D4350-D4D8-45E1-9E5A-A209F3ED46C5}
		{E05C921B-1FB0-4B8F-8E43-6F812B6140AD} = {8A38EAFF-9D95-4309-A701-B9E67DAE2EE3}
		{FD6B631F-593F-4B21-A101-033334869669} = {8A38EAFF-9D95-4309-A701-B9E67DAE2EE3}
		{3DA1FFCC-592E-4478-B978-16E3B7FEA795} = {13511C6D-BC8F-4211-91A3-4A43EB7847D4}
		{552D5FD0-51A9-4A73-B085-EBB05B5A3712} = {13511C6D-BC8F-4211-91A3-4A43EB7847D4}
		{BF1D4A08-6787-4FB4-8B6B-8D59A2B3F3E3} = {D24CC278-876A-44F4-9F85-C2F2C1EE22F7}
		{25D0CCA8-3498-4D92-856D-97B5D2082458} = {D24CC278-876A-44F4-9F85-C2F2C1EE22F7}
		{16385C20-7453-4D23-BCD3-64E2F6D627EA} = {E9E94B6E-9406-42E0-8935-F325C82E5F12}
		{A3863C2C-9F4E-4528-9425-180A6BCFAA40} = {E9E94B6E-9406-42E0-8935-F325C82E5F12}
		{A33CC1F4-6022-438C-A100-B4ECA718A3EA} = {230F3A8D-963F-4F87-95CF-5715930105EF}
		{6FC536F2-2B63-4D05-B0F3-C9B12D9B49A8} = {230F3A8D-963F-4F87-95CF-5715930105EF}
		{C6077B52-FC11-4CA3-A3DC-E7189F342CFA} = {698061F2-D5E8-4039-A199-BCC9798190E9}
		{6E38CEF2-C263-4B44-971A-820BD2F37FB2} = {698061F2-D5E8-4039-A199-BCC9798190E9}
		{BAC7AA13-0047-4647-AA98-C651B75E3ED4} = {23397AE6-3356-43FF-87B1-8FDDF7DE98D8}
		{D0B1203F-A07A-45C5-8E69-3E6ECDF06356} = {7DD4E0EC-FF7E-4E2E-88B9-8A07DFD9CE42}
		{9A3FCF0E-C2C0-4D50-9003-135070ECB823} = {7DD4E0EC-FF7E-4E2E-88B9-8A07DFD9CE42}
		{64A0FF18-820A-4719-A3A3-CD897200821E} = {B36FD8D0-A26A-460F-9F73-3814DA486EAC}
		{9C35E128-700E-4AAA-A4ED-1A84E4025752} = {B36FD8D0-A26A-460F-9F73-3814DA486EAC}
		{1BD750A2-3A5B-4F33-96F6-465DB2B8ABF2} = {B200AB0A-9952-4D1C-9628-7936CE8740CC}
		{3B0D9FA7-7D14-477A-9646-CA545E699084} = {CB4BBB38-A869-447E-8C5A-986884E95D09}
		{42BE3470-9242-4724-9E24-381EE10457BF} = {5C987FA3-0FDA-46A2-B834-196CB1332D08}
		{5F392CCE-AE83-4C30-A96D-2B6AC1C062ED} = {5C987FA3-0FDA-46A2-B834-196CB1332D08}
		{65252C6E-4490-462A-963D-55ABFA9EE185} = {C66F0D04-59D8-422B-9ECC-69225A497978}
		{DE4A62D9-F9CC-42CF-9CB8-E11D23C1652A} = {C66F0D04-59D8-422B-9ECC-69225A497978}
		{78654759-D0D2-48BD-A0DA-2F7584683827} = {C29AB690-8088-4618-A5C5-F339E9C01275}
		{1653EB96-3F70-4128-BE87-E097B156ECA7} = {C29AB690-8088-4618-A5C5-F339E9C01275}
		{E1D1E051-CFEF-47A9-AE6E-A2531ACFF7B7} = {107D02A7-2EBD-42B1-8A83-405A14837DD0}
	EndGlobalSection
EndGlobal
