
Microsoft Visual Studio Solution File, Format Version 12.00
Project("{2150E333-8FDC-42A3-9474-1A3956D46DE8}") = "Day1-HistorianHysteria", "Day1-HistorianHysteria", "{DF1E5804-DA04-4A81-B696-1DB7FC82A221}"
EndProject
Project("{FAE04EC0-301F-11D3-BF4B-00C04F79EFBC}") = "Day1-HistorianHysteria.Part1", "Day1-HistorianHysteria\Day1-HistorianHysteria.Part1\Day1-HistorianHysteria.Part1.csproj", "{9499AA36-E566-4E47-9154-ECBDDD236572}"
EndProject
Project("{FAE04EC0-301F-11D3-BF4B-00C04F79EFBC}") = "Day1-HistorianHysteria.Tests", "Day1-HistorianHysteria\Day1-HistorianHysteria.Tests\Day1-HistorianHysteria.Tests.csproj", "{5CE34720-021B-4FBB-B51A-6551677F9814}"
EndProject
Project("{2150E333-8FDC-42A3-9474-1A3956D46DE8}") = "Day2-RedNoseReports", "Day2-RedNoseReports", "{CE2DF2F5-6F27-4132-9C45-406B3722C5B6}"
EndProject
Project("{FAE04EC0-301F-11D3-BF4B-00C04F79EFBC}") = "Day2-RedNoseReports.Part1", "Day2-RedNoseReports.Part1\Day2-RedNoseReports.Part1.csproj", "{413BBA55-84FC-4A4C-85A6-8075DDC08EF0}"
EndProject
Project("{FAE04EC0-301F-11D3-BF4B-00C04F79EFBC}") = "Day2-RedNoseReports.Tests", "Day2-RedNoseReports.Tests\Day2-RedNoseReports.Tests.csproj", "{04FF6EE5-56CF-4EE5-87A3-91A675CA6E23}"
EndProject
Project("{2150E333-8FDC-42A3-9474-1A3956D46DE8}") = "Day3-MullItOver", "Day3-MullItOver", "{C9087118-E177-4579-9E94-67317DAD3739}"
EndProject
Project("{FAE04EC0-301F-11D3-BF4B-00C04F79EFBC}") = "Day3-MullItOver", "Day3-MullItOver\Day3-MullItOver.csproj", "{402EBC65-56D1-44CA-BE17-0B219C433813}"
EndProject
Project("{FAE04EC0-301F-11D3-BF4B-00C04F79EFBC}") = "Day3-MullItOver.Tests", "Day3-MullItOver.Tests\Day3-MullItOver.Tests.csproj", "{77B15135-D432-4CAF-9273-C43B1FE24B16}"
EndProject
Project("{2150E333-8FDC-42A3-9474-1A3956D46DE8}") = "Day4-CeresSearch", "Day4-CeresSearch", "{9C06905C-CB44-4162-81F6-F7DF82E6F784}"
EndProject
Project("{FAE04EC0-301F-11D3-BF4B-00C04F79EFBC}") = "Day4-CeresSearch", "Day4-CeresSearch\Day4-CeresSearch.csproj", "{D2C47CB3-5321-47A3-9C80-4A4F9B2C304B}"
EndProject
Project("{FAE04EC0-301F-11D3-BF4B-00C04F79EFBC}") = "Day4-CeresSearch.Tests", "Day4-CeresSearch.Tests\Day4-CeresSearch.Tests.csproj", "{4B57A1E1-186C-46F7-BE58-500C778BB1F0}"
EndProject
Project("{2150E333-8FDC-42A3-9474-1A3956D46DE8}") = "Day5-PrintQueue", "Day5-PrintQueue", "{B073D22D-47CE-4DBA-B630-D32748B2CC5A}"
EndProject
Project("{FAE04EC0-301F-11D3-BF4B-00C04F79EFBC}") = "Day5-PrintQueue", "Day5-PrintQueue\Day5-PrintQueue.csproj", "{1653044E-8600-4F2E-9404-E613145A01E5}"
EndProject
Project("{FAE04EC0-301F-11D3-BF4B-00C04F79EFBC}") = "Day5-PrintQueue.Tests", "Day5-PrintQueue.Tests\Day5-PrintQueue.Tests.csproj", "{0EAE2834-7CCC-4784-A31A-41F2EC08EF4F}"
EndProject
Global
	GlobalSection(SolutionConfigurationPlatforms) = preSolution
		Debug|Any CPU = Debug|Any CPU
		Release|Any CPU = Release|Any CPU
	EndGlobalSection
	GlobalSection(ProjectConfigurationPlatforms) = postSolution
		{9499AA36-E566-4E47-9154-ECBDDD236572}.Debug|Any CPU.ActiveCfg = Debug|Any CPU
		{9499AA36-E566-4E47-9154-ECBDDD236572}.Debug|Any CPU.Build.0 = Debug|Any CPU
		{9499AA36-E566-4E47-9154-ECBDDD236572}.Release|Any CPU.ActiveCfg = Release|Any CPU
		{9499AA36-E566-4E47-9154-ECBDDD236572}.Release|Any CPU.Build.0 = Release|Any CPU
		{5CE34720-021B-4FBB-B51A-6551677F9814}.Debug|Any CPU.ActiveCfg = Debug|Any CPU
		{5CE34720-021B-4FBB-B51A-6551677F9814}.Debug|Any CPU.Build.0 = Debug|Any CPU
		{5CE34720-021B-4FBB-B51A-6551677F9814}.Release|Any CPU.ActiveCfg = Release|Any CPU
		{5CE34720-021B-4FBB-B51A-6551677F9814}.Release|Any CPU.Build.0 = Release|Any CPU
		{413BBA55-84FC-4A4C-85A6-8075DDC08EF0}.Debug|Any CPU.ActiveCfg = Debug|Any CPU
		{413BBA55-84FC-4A4C-85A6-8075DDC08EF0}.Debug|Any CPU.Build.0 = Debug|Any CPU
		{413BBA55-84FC-4A4C-85A6-8075DDC08EF0}.Release|Any CPU.ActiveCfg = Release|Any CPU
		{413BBA55-84FC-4A4C-85A6-8075DDC08EF0}.Release|Any CPU.Build.0 = Release|Any CPU
		{04FF6EE5-56CF-4EE5-87A3-91A675CA6E23}.Debug|Any CPU.ActiveCfg = Debug|Any CPU
		{04FF6EE5-56CF-4EE5-87A3-91A675CA6E23}.Debug|Any CPU.Build.0 = Debug|Any CPU
		{04FF6EE5-56CF-4EE5-87A3-91A675CA6E23}.Release|Any CPU.ActiveCfg = Release|Any CPU
		{04FF6EE5-56CF-4EE5-87A3-91A675CA6E23}.Release|Any CPU.Build.0 = Release|Any CPU
		{402EBC65-56D1-44CA-BE17-0B219C433813}.Debug|Any CPU.ActiveCfg = Debug|Any CPU
		{402EBC65-56D1-44CA-BE17-0B219C433813}.Debug|Any CPU.Build.0 = Debug|Any CPU
		{402EBC65-56D1-44CA-BE17-0B219C433813}.Release|Any CPU.ActiveCfg = Release|Any CPU
		{402EBC65-56D1-44CA-BE17-0B219C433813}.Release|Any CPU.Build.0 = Release|Any CPU
		{77B15135-D432-4CAF-9273-C43B1FE24B16}.Debug|Any CPU.ActiveCfg = Debug|Any CPU
		{77B15135-D432-4CAF-9273-C43B1FE24B16}.Debug|Any CPU.Build.0 = Debug|Any CPU
		{77B15135-D432-4CAF-9273-C43B1FE24B16}.Release|Any CPU.ActiveCfg = Release|Any CPU
		{77B15135-D432-4CAF-9273-C43B1FE24B16}.Release|Any CPU.Build.0 = Release|Any CPU
		{D2C47CB3-5321-47A3-9C80-4A4F9B2C304B}.Debug|Any CPU.ActiveCfg = Debug|Any CPU
		{D2C47CB3-5321-47A3-9C80-4A4F9B2C304B}.Debug|Any CPU.Build.0 = Debug|Any CPU
		{D2C47CB3-5321-47A3-9C80-4A4F9B2C304B}.Release|Any CPU.ActiveCfg = Release|Any CPU
		{D2C47CB3-5321-47A3-9C80-4A4F9B2C304B}.Release|Any CPU.Build.0 = Release|Any CPU
		{4B57A1E1-186C-46F7-BE58-500C778BB1F0}.Debug|Any CPU.ActiveCfg = Debug|Any CPU
		{4B57A1E1-186C-46F7-BE58-500C778BB1F0}.Debug|Any CPU.Build.0 = Debug|Any CPU
		{4B57A1E1-186C-46F7-BE58-500C778BB1F0}.Release|Any CPU.ActiveCfg = Release|Any CPU
		{4B57A1E1-186C-46F7-BE58-500C778BB1F0}.Release|Any CPU.Build.0 = Release|Any CPU
		{1653044E-8600-4F2E-9404-E613145A01E5}.Debug|Any CPU.ActiveCfg = Debug|Any CPU
		{1653044E-8600-4F2E-9404-E613145A01E5}.Debug|Any CPU.Build.0 = Debug|Any CPU
		{1653044E-8600-4F2E-9404-E613145A01E5}.Release|Any CPU.ActiveCfg = Release|Any CPU
		{1653044E-8600-4F2E-9404-E613145A01E5}.Release|Any CPU.Build.0 = Release|Any CPU
		{0EAE2834-7CCC-4784-A31A-41F2EC08EF4F}.Debug|Any CPU.ActiveCfg = Debug|Any CPU
		{0EAE2834-7CCC-4784-A31A-41F2EC08EF4F}.Debug|Any CPU.Build.0 = Debug|Any CPU
		{0EAE2834-7CCC-4784-A31A-41F2EC08EF4F}.Release|Any CPU.ActiveCfg = Release|Any CPU
		{0EAE2834-7CCC-4784-A31A-41F2EC08EF4F}.Release|Any CPU.Build.0 = Release|Any CPU
	EndGlobalSection
	GlobalSection(NestedProjects) = preSolution
		{9499AA36-E566-4E47-9154-ECBDDD236572} = {DF1E5804-DA04-4A81-B696-1DB7FC82A221}
		{5CE34720-021B-4FBB-B51A-6551677F9814} = {DF1E5804-DA04-4A81-B696-1DB7FC82A221}
		{413BBA55-84FC-4A4C-85A6-8075DDC08EF0} = {CE2DF2F5-6F27-4132-9C45-406B3722C5B6}
		{04FF6EE5-56CF-4EE5-87A3-91A675CA6E23} = {CE2DF2F5-6F27-4132-9C45-406B3722C5B6}
		{402EBC65-56D1-44CA-BE17-0B219C433813} = {C9087118-E177-4579-9E94-67317DAD3739}
		{77B15135-D432-4CAF-9273-C43B1FE24B16} = {C9087118-E177-4579-9E94-67317DAD3739}
		{D2C47CB3-5321-47A3-9C80-4A4F9B2C304B} = {9C06905C-CB44-4162-81F6-F7DF82E6F784}
		{4B57A1E1-186C-46F7-BE58-500C778BB1F0} = {9C06905C-CB44-4162-81F6-F7DF82E6F784}
		{1653044E-8600-4F2E-9404-E613145A01E5} = {B073D22D-47CE-4DBA-B630-D32748B2CC5A}
		{0EAE2834-7CCC-4784-A31A-41F2EC08EF4F} = {B073D22D-47CE-4DBA-B630-D32748B2CC5A}
	EndGlobalSection
EndGlobal
